
Microsoft Visual Studio Solution File, Format Version 12.00
# Visual Studio Version 16
VisualStudioVersion = 16.0.30523.141
MinimumVisualStudioVersion = 10.0.40219.1
Project("{9A19103F-16F7-4668-BE54-9A1E7A4F7556}") = "Jasmine_Akshil_GroupProject_COMP306", "Jasmine_Akshil_GroupProject_COMP306\Jasmine_Akshil_GroupProject_COMP306.csproj", "{B4C64B38-F43A-46C6-AEE1-F621C606BAAB}"
EndProject
Project("{9A19103F-16F7-4668-BE54-9A1E7A4F7556}") = "Jasmine_Akshil_Comp306ConsumerApi", "..\Jasmine_Akshil_Comp306ConsumerApi\Jasmine_Akshil_Comp306ConsumerApi\Jasmine_Akshil_Comp306ConsumerApi.csproj", "{B788F66D-7624-4345-9AD2-0E16E2B454E1}"
EndProject
Global
	GlobalSection(SolutionConfigurationPlatforms) = preSolution
		Debug|Any CPU = Debug|Any CPU
		Release|Any CPU = Release|Any CPU
	EndGlobalSection
	GlobalSection(ProjectConfigurationPlatforms) = postSolution
		{B4C64B38-F43A-46C6-AEE1-F621C606BAAB}.Debug|Any CPU.ActiveCfg = Debug|Any CPU
		{B4C64B38-F43A-46C6-AEE1-F621C606BAAB}.Debug|Any CPU.Build.0 = Debug|Any CPU
		{B4C64B38-F43A-46C6-AEE1-F621C606BAAB}.Release|Any CPU.ActiveCfg = Release|Any CPU
		{B4C64B38-F43A-46C6-AEE1-F621C606BAAB}.Release|Any CPU.Build.0 = Release|Any CPU
		{B788F66D-7624-4345-9AD2-0E16E2B454E1}.Debug|Any CPU.ActiveCfg = Debug|Any CPU
		{B788F66D-7624-4345-9AD2-0E16E2B454E1}.Debug|Any CPU.Build.0 = Debug|Any CPU
		{B788F66D-7624-4345-9AD2-0E16E2B454E1}.Release|Any CPU.ActiveCfg = Release|Any CPU
		{B788F66D-7624-4345-9AD2-0E16E2B454E1}.Release|Any CPU.Build.0 = Release|Any CPU
	EndGlobalSection
	GlobalSection(SolutionProperties) = preSolution
		HideSolutionNode = FALSE
	EndGlobalSection
	GlobalSection(ExtensibilityGlobals) = postSolution
		SolutionGuid = {273D2EF1-4200-4C5F-9BD1-3013116E2390}
	EndGlobalSection
EndGlobal
